
Microsoft Visual Studio Solution File, Format Version 12.00
# Visual Studio Version 17
VisualStudioVersion = 17.13.35919.96
MinimumVisualStudioVersion = 10.0.40219.1
Project("{8BC9CEB8-8B4A-11D0-8D11-00A0C91BC942}") = "TH8-VD1", "TH8-VD1\TH8-VD1.vcxproj", "{32B0EE7D-B3C6-420B-98A1-75C68EF3D6D0}"
EndProject
Project("{8BC9CEB8-8B4A-11D0-8D11-00A0C91BC942}") = "TH8-VD2", "TH8-VD2\TH8-VD2.vcxproj", "{64041666-BAD8-4268-A583-9A2272A9DE0B}"
EndProject
Project("{8BC9CEB8-8B4A-11D0-8D11-00A0C91BC942}") = "TH8-VD3", "TH8-VD3\TH8-VD3.vcxproj", "{CFBF995D-0001-42BB-B45B-501071B32ADA}"
EndProject
Global
	GlobalSection(SolutionConfigurationPlatforms) = preSolution
		Debug|x64 = Debug|x64
		Debug|x86 = Debug|x86
		Release|x64 = Release|x64
		Release|x86 = Release|x86
	EndGlobalSection
	GlobalSection(ProjectConfigurationPlatforms) = postSolution
		{32B0EE7D-B3C6-420B-98A1-75C68EF3D6D0}.Debug|x64.ActiveCfg = Debug|x64
		{32B0EE7D-B3C6-420B-98A1-75C68EF3D6D0}.Debug|x64.Build.0 = Debug|x64
		{32B0EE7D-B3C6-420B-98A1-75C68EF3D6D0}.Debug|x86.ActiveCfg = Debug|Win32
		{32B0EE7D-B3C6-420B-98A1-75C68EF3D6D0}.Debug|x86.Build.0 = Debug|Win32
		{32B0EE7D-B3C6-420B-98A1-75C68EF3D6D0}.Release|x64.ActiveCfg = Release|x64
		{32B0EE7D-B3C6-420B-98A1-75C68EF3D6D0}.Release|x64.Build.0 = Release|x64
		{32B0EE7D-B3C6-420B-98A1-75C68EF3D6D0}.Release|x86.ActiveCfg = Release|Win32
		{32B0EE7D-B3C6-420B-98A1-75C68EF3D6D0}.Release|x86.Build.0 = Release|Win32
		{64041666-BAD8-4268-A583-9A2272A9DE0B}.Debug|x64.ActiveCfg = Debug|x64
		{64041666-BAD8-4268-A583-9A2272A9DE0B}.Debug|x64.Build.0 = Debug|x64
		{64041666-BAD8-4268-A583-9A2272A9DE0B}.Debug|x86.ActiveCfg = Debug|Win32
		{64041666-BAD8-4268-A583-9A2272A9DE0B}.Debug|x86.Build.0 = Debug|Win32
		{64041666-BAD8-4268-A583-9A2272A9DE0B}.Release|x64.ActiveCfg = Release|x64
		{64041666-BAD8-4268-A583-9A2272A9DE0B}.Release|x64.Build.0 = Release|x64
		{64041666-BAD8-4268-A583-9A2272A9DE0B}.Release|x86.ActiveCfg = Release|Win32
		{64041666-BAD8-4268-A583-9A2272A9DE0B}.Release|x86.Build.0 = Release|Win32
		{CFBF995D-0001-42BB-B45B-501071B32ADA}.Debug|x64.ActiveCfg = Debug|x64
		{CFBF995D-0001-42BB-B45B-501071B32ADA}.Debug|x64.Build.0 = Debug|x64
		{CFBF995D-0001-42BB-B45B-501071B32ADA}.Debug|x86.ActiveCfg = Debug|Win32
		{CFBF995D-0001-42BB-B45B-501071B32ADA}.Debug|x86.Build.0 = Debug|Win32
		{CFBF995D-0001-42BB-B45B-501071B32ADA}.Release|x64.ActiveCfg = Release|x64
		{CFBF995D-0001-42BB-B45B-501071B32ADA}.Release|x64.Build.0 = Release|x64
		{CFBF995D-0001-42BB-B45B-501071B32ADA}.Release|x86.ActiveCfg = Release|Win32
		{CFBF995D-0001-42BB-B45B-501071B32ADA}.Release|x86.Build.0 = Release|Win32
	EndGlobalSection
	GlobalSection(SolutionProperties) = preSolution
		HideSolutionNode = FALSE
	EndGlobalSection
	GlobalSection(ExtensibilityGlobals) = postSolution
		SolutionGuid = {8BA8D4FD-AC4B-468C-AACF-F64F79D3EBE3}
	EndGlobalSection
EndGlobal
